// !$*UTF8*$!
{
	archiveVersion = 1;
	classes = {
	};
	objectVersion = 50;
	objects = {

/* Begin PBXBuildFile section */
		BFD797FB247825C4007739AF /* AppDelegate.swift in Sources */ = {isa = PBXBuildFile; fileRef = BFD797FA247825C4007739AF /* AppDelegate.swift */; };
		BFD797FD247825C4007739AF /* SceneDelegate.swift in Sources */ = {isa = PBXBuildFile; fileRef = BFD797FC247825C4007739AF /* SceneDelegate.swift */; };
		BFD79802247825C4007739AF /* Main.storyboard in Resources */ = {isa = PBXBuildFile; fileRef = BFD79800247825C4007739AF /* Main.storyboard */; };
		BFD79804247825C4007739AF /* Assets.xcassets in Resources */ = {isa = PBXBuildFile; fileRef = BFD79803247825C4007739AF /* Assets.xcassets */; };
		BFD79807247825C4007739AF /* LaunchScreen.storyboard in Resources */ = {isa = PBXBuildFile; fileRef = BFD79805247825C4007739AF /* LaunchScreen.storyboard */; };
		BFD7981324782A2F007739AF /* Person.swift in Sources */ = {isa = PBXBuildFile; fileRef = BFD7981224782A2F007739AF /* Person.swift */; };
		BFD7981724782BEB007739AF /* PersonController.swift in Sources */ = {isa = PBXBuildFile; fileRef = BFD7981624782BEB007739AF /* PersonController.swift */; };
		BFD79819247838F5007739AF /* PairTableViewController.swift in Sources */ = {isa = PBXBuildFile; fileRef = BFD79818247838F5007739AF /* PairTableViewController.swift */; };
/* End PBXBuildFile section */

/* Begin PBXFileReference section */
		BFD797F7247825C4007739AF /* Pair.app */ = {isa = PBXFileReference; explicitFileType = wrapper.application; includeInIndex = 0; path = Pair.app; sourceTree = BUILT_PRODUCTS_DIR; };
		BFD797FA247825C4007739AF /* AppDelegate.swift */ = {isa = PBXFileReference; lastKnownFileType = sourcecode.swift; path = AppDelegate.swift; sourceTree = "<group>"; };
		BFD797FC247825C4007739AF /* SceneDelegate.swift */ = {isa = PBXFileReference; lastKnownFileType = sourcecode.swift; path = SceneDelegate.swift; sourceTree = "<group>"; };
		BFD79801247825C4007739AF /* Base */ = {isa = PBXFileReference; lastKnownFileType = file.storyboard; name = Base; path = Base.lproj/Main.storyboard; sourceTree = "<group>"; };
		BFD79803247825C4007739AF /* Assets.xcassets */ = {isa = PBXFileReference; lastKnownFileType = folder.assetcatalog; path = Assets.xcassets; sourceTree = "<group>"; };
		BFD79806247825C4007739AF /* Base */ = {isa = PBXFileReference; lastKnownFileType = file.storyboard; name = Base; path = Base.lproj/LaunchScreen.storyboard; sourceTree = "<group>"; };
		BFD79808247825C4007739AF /* Info.plist */ = {isa = PBXFileReference; lastKnownFileType = text.plist.xml; path = Info.plist; sourceTree = "<group>"; };
		BFD7981224782A2F007739AF /* Person.swift */ = {isa = PBXFileReference; lastKnownFileType = sourcecode.swift; path = Person.swift; sourceTree = "<group>"; };
		BFD7981624782BEB007739AF /* PersonController.swift */ = {isa = PBXFileReference; lastKnownFileType = sourcecode.swift; path = PersonController.swift; sourceTree = "<group>"; };
		BFD79818247838F5007739AF /* PairTableViewController.swift */ = {isa = PBXFileReference; lastKnownFileType = sourcecode.swift; path = PairTableViewController.swift; sourceTree = "<group>"; };
/* End PBXFileReference section */

/* Begin PBXFrameworksBuildPhase section */
		BFD797F4247825C4007739AF /* Frameworks */ = {
			isa = PBXFrameworksBuildPhase;
			buildActionMask = 2147483647;
			files = (
			);
			runOnlyForDeploymentPostprocessing = 0;
		};
/* End PBXFrameworksBuildPhase section */

/* Begin PBXGroup section */
		BFD797EE247825C3007739AF = {
			isa = PBXGroup;
			children = (
				BFD797F9247825C4007739AF /* Pair */,
				BFD797F8247825C4007739AF /* Products */,
			);
			sourceTree = "<group>";
		};
		BFD797F8247825C4007739AF /* Products */ = {
			isa = PBXGroup;
			children = (
				BFD797F7247825C4007739AF /* Pair.app */,
			);
			name = Products;
			sourceTree = "<group>";
		};
		BFD797F9247825C4007739AF /* Pair */ = {
			isa = PBXGroup;
			children = (
				BFD7980F24782615007739AF /* Models */,
				BFD798102478261C007739AF /* Views */,
				BFD7981124782626007739AF /* Controllers */,
				BFD7980E247825DC007739AF /* Resources */,
			);
			path = Pair;
			sourceTree = "<group>";
		};
		BFD7980E247825DC007739AF /* Resources */ = {
			isa = PBXGroup;
			children = (
				BFD797FA247825C4007739AF /* AppDelegate.swift */,
				BFD797FC247825C4007739AF /* SceneDelegate.swift */,
				BFD79803247825C4007739AF /* Assets.xcassets */,
				BFD79805247825C4007739AF /* LaunchScreen.storyboard */,
				BFD79808247825C4007739AF /* Info.plist */,
			);
			path = Resources;
			sourceTree = "<group>";
		};
		BFD7980F24782615007739AF /* Models */ = {
			isa = PBXGroup;
			children = (
				BFD7981224782A2F007739AF /* Person.swift */,
			);
			path = Models;
			sourceTree = "<group>";
		};
		BFD798102478261C007739AF /* Views */ = {
			isa = PBXGroup;
			children = (
				BFD79800247825C4007739AF /* Main.storyboard */,
			);
			path = Views;
			sourceTree = "<group>";
		};
		BFD7981124782626007739AF /* Controllers */ = {
			isa = PBXGroup;
			children = (
				BFD7981524782BCE007739AF /* Model Controllers */,
				BFD7981424782BC0007739AF /* View Controllers */,
			);
			path = Controllers;
			sourceTree = "<group>";
		};
		BFD7981424782BC0007739AF /* View Controllers */ = {
			isa = PBXGroup;
			children = (
				BFD79818247838F5007739AF /* PairTableViewController.swift */,
			);
			path = "View Controllers";
			sourceTree = "<group>";
		};
		BFD7981524782BCE007739AF /* Model Controllers */ = {
			isa = PBXGroup;
			children = (
				BFD7981624782BEB007739AF /* PersonController.swift */,
			);
			path = "Model Controllers";
			sourceTree = "<group>";
		};
/* End PBXGroup section */

/* Begin PBXNativeTarget section */
		BFD797F6247825C4007739AF /* Pair */ = {
			isa = PBXNativeTarget;
			buildConfigurationList = BFD7980B247825C4007739AF /* Build configuration list for PBXNativeTarget "Pair" */;
			buildPhases = (
				BFD797F3247825C4007739AF /* Sources */,
				BFD797F4247825C4007739AF /* Frameworks */,
				BFD797F5247825C4007739AF /* Resources */,
			);
			buildRules = (
			);
			dependencies = (
			);
			name = Pair;
			productName = Pair;
			productReference = BFD797F7247825C4007739AF /* Pair.app */;
			productType = "com.apple.product-type.application";
		};
/* End PBXNativeTarget section */

/* Begin PBXProject section */
		BFD797EF247825C3007739AF /* Project object */ = {
			isa = PBXProject;
			attributes = {
				LastSwiftUpdateCheck = 1150;
				LastUpgradeCheck = 1150;
				ORGANIZATIONNAME = Jimmy;
				TargetAttributes = {
					BFD797F6247825C4007739AF = {
						CreatedOnToolsVersion = 11.5;
					};
				};
			};
			buildConfigurationList = BFD797F2247825C3007739AF /* Build configuration list for PBXProject "Pair" */;
			compatibilityVersion = "Xcode 9.3";
			developmentRegion = en;
			hasScannedForEncodings = 0;
			knownRegions = (
				en,
				Base,
			);
			mainGroup = BFD797EE247825C3007739AF;
			productRefGroup = BFD797F8247825C4007739AF /* Products */;
			projectDirPath = "";
			projectRoot = "";
			targets = (
				BFD797F6247825C4007739AF /* Pair */,
			);
		};
/* End PBXProject section */

/* Begin PBXResourcesBuildPhase section */
		BFD797F5247825C4007739AF /* Resources */ = {
			isa = PBXResourcesBuildPhase;
			buildActionMask = 2147483647;
			files = (
				BFD79807247825C4007739AF /* LaunchScreen.storyboard in Resources */,
				BFD79804247825C4007739AF /* Assets.xcassets in Resources */,
				BFD79802247825C4007739AF /* Main.storyboard in Resources */,
			);
			runOnlyForDeploymentPostprocessing = 0;
		};
/* End PBXResourcesBuildPhase section */

/* Begin PBXSourcesBuildPhase section */
		BFD797F3247825C4007739AF /* Sources */ = {
			isa = PBXSourcesBuildPhase;
			buildActionMask = 2147483647;
			files = (
				BFD7981724782BEB007739AF /* PersonController.swift in Sources */,
				BFD79819247838F5007739AF /* PairTableViewController.swift in Sources */,
				BFD7981324782A2F007739AF /* Person.swift in Sources */,
				BFD797FB247825C4007739AF /* AppDelegate.swift in Sources */,
				BFD797FD247825C4007739AF /* SceneDelegate.swift in Sources */,
			);
			runOnlyForDeploymentPostprocessing = 0;
		};
/* End PBXSourcesBuildPhase section */

/* Begin PBXVariantGroup section */
		BFD79800247825C4007739AF /* Main.storyboard */ = {
			isa = PBXVariantGroup;
			children = (
				BFD79801247825C4007739AF /* Base */,
			);
			name = Main.storyboard;
			sourceTree = "<group>";
		};
		BFD79805247825C4007739AF /* LaunchScreen.storyboard */ = {
			isa = PBXVariantGroup;
			children = (
				BFD79806247825C4007739AF /* Base */,
			);
			name = LaunchScreen.storyboard;
			sourceTree = "<group>";
		};
/* End PBXVariantGroup section */

/* Begin XCBuildConfiguration section */
		BFD79809247825C4007739AF /* Debug */ = {
			isa = XCBuildConfiguration;
			buildSettings = {
				ALWAYS_SEARCH_USER_PATHS = NO;
				CLANG_ANALYZER_NONNULL = YES;
				CLANG_ANALYZER_NUMBER_OBJECT_CONVERSION = YES_AGGRESSIVE;
				CLANG_CXX_LANGUAGE_STANDARD = "gnu++14";
				CLANG_CXX_LIBRARY = "libc++";
				CLANG_ENABLE_MODULES = YES;
				CLANG_ENABLE_OBJC_ARC = YES;
				CLANG_ENABLE_OBJC_WEAK = YES;
				CLANG_WARN_BLOCK_CAPTURE_AUTORELEASING = YES;
				CLANG_WARN_BOOL_CONVERSION = YES;
				CLANG_WARN_COMMA = YES;
				CLANG_WARN_CONSTANT_CONVERSION = YES;
				CLANG_WARN_DEPRECATED_OBJC_IMPLEMENTATIONS = YES;
				CLANG_WARN_DIRECT_OBJC_ISA_USAGE = YES_ERROR;
				CLANG_WARN_DOCUMENTATION_COMMENTS = YES;
				CLANG_WARN_EMPTY_BODY = YES;
				CLANG_WARN_ENUM_CONVERSION = YES;
				CLANG_WARN_INFINITE_RECURSION = YES;
				CLANG_WARN_INT_CONVERSION = YES;
				CLANG_WARN_NON_LITERAL_NULL_CONVERSION = YES;
				CLANG_WARN_OBJC_IMPLICIT_RETAIN_SELF = YES;
				CLANG_WARN_OBJC_LITERAL_CONVERSION = YES;
				CLANG_WARN_OBJC_ROOT_CLASS = YES_ERROR;
				CLANG_WARN_RANGE_LOOP_ANALYSIS = YES;
				CLANG_WARN_STRICT_PROTOTYPES = YES;
				CLANG_WARN_SUSPICIOUS_MOVE = YES;
				CLANG_WARN_UNGUARDED_AVAILABILITY = YES_AGGRESSIVE;
				CLANG_WARN_UNREACHABLE_CODE = YES;
				CLANG_WARN__DUPLICATE_METHOD_MATCH = YES;
				COPY_PHASE_STRIP = NO;
				DEBUG_INFORMATION_FORMAT = dwarf;
				ENABLE_STRICT_OBJC_MSGSEND = YES;
				ENABLE_TESTABILITY = YES;
				GCC_C_LANGUAGE_STANDARD = gnu11;
				GCC_DYNAMIC_NO_PIC = NO;
				GCC_NO_COMMON_BLOCKS = YES;
				GCC_OPTIMIZATION_LEVEL = 0;
				GCC_PREPROCESSOR_DEFINITIONS = (
					"DEBUG=1",
					"$(inherited)",
				);
				GCC_WARN_64_TO_32_BIT_CONVERSION = YES;
				GCC_WARN_ABOUT_RETURN_TYPE = YES_ERROR;
				GCC_WARN_UNDECLARED_SELECTOR = YES;
				GCC_WARN_UNINITIALIZED_AUTOS = YES_AGGRESSIVE;
				GCC_WARN_UNUSED_FUNCTION = YES;
				GCC_WARN_UNUSED_VARIABLE = YES;
				IPHONEOS_DEPLOYMENT_TARGET = 13.5;
				MTL_ENABLE_DEBUG_INFO = INCLUDE_SOURCE;
				MTL_FAST_MATH = YES;
				ONLY_ACTIVE_ARCH = YES;
				SDKROOT = iphoneos;
				SWIFT_ACTIVE_COMPILATION_CONDITIONS = DEBUG;
				SWIFT_OPTIMIZATION_LEVEL = "-Onone";
			};
			name = Debug;
		};
		BFD7980A247825C4007739AF /* Release */ = {
			isa = XCBuildConfiguration;
			buildSettings = {
				ALWAYS_SEARCH_USER_PATHS = NO;
				CLANG_ANALYZER_NONNULL = YES;
				CLANG_ANALYZER_NUMBER_OBJECT_CONVERSION = YES_AGGRESSIVE;
				CLANG_CXX_LANGUAGE_STANDARD = "gnu++14";
				CLANG_CXX_LIBRARY = "libc++";
				CLANG_ENABLE_MODULES = YES;
				CLANG_ENABLE_OBJC_ARC = YES;
				CLANG_ENABLE_OBJC_WEAK = YES;
				CLANG_WARN_BLOCK_CAPTURE_AUTORELEASING = YES;
				CLANG_WARN_BOOL_CONVERSION = YES;
				CLANG_WARN_COMMA = YES;
				CLANG_WARN_CONSTANT_CONVERSION = YES;
				CLANG_WARN_DEPRECATED_OBJC_IMPLEMENTATIONS = YES;
				CLANG_WARN_DIRECT_OBJC_ISA_USAGE = YES_ERROR;
				CLANG_WARN_DOCUMENTATION_COMMENTS = YES;
				CLANG_WARN_EMPTY_BODY = YES;
				CLANG_WARN_ENUM_CONVERSION = YES;
				CLANG_WARN_INFINITE_RECURSION = YES;
				CLANG_WARN_INT_CONVERSION = YES;
				CLANG_WARN_NON_LITERAL_NULL_CONVERSION = YES;
				CLANG_WARN_OBJC_IMPLICIT_RETAIN_SELF = YES;
				CLANG_WARN_OBJC_LITERAL_CONVERSION = YES;
				CLANG_WARN_OBJC_ROOT_CLASS = YES_ERROR;
				CLANG_WARN_RANGE_LOOP_ANALYSIS = YES;
				CLANG_WARN_STRICT_PROTOTYPES = YES;
				CLANG_WARN_SUSPICIOUS_MOVE = YES;
				CLANG_WARN_UNGUARDED_AVAILABILITY = YES_AGGRESSIVE;
				CLANG_WARN_UNREACHABLE_CODE = YES;
				CLANG_WARN__DUPLICATE_METHOD_MATCH = YES;
				COPY_PHASE_STRIP = NO;
				DEBUG_INFORMATION_FORMAT = "dwarf-with-dsym";
				ENABLE_NS_ASSERTIONS = NO;
				ENABLE_STRICT_OBJC_MSGSEND = YES;
				GCC_C_LANGUAGE_STANDARD = gnu11;
				GCC_NO_COMMON_BLOCKS = YES;
				GCC_WARN_64_TO_32_BIT_CONVERSION = YES;
				GCC_WARN_ABOUT_RETURN_TYPE = YES_ERROR;
				GCC_WARN_UNDECLARED_SELECTOR = YES;
				GCC_WARN_UNINITIALIZED_AUTOS = YES_AGGRESSIVE;
				GCC_WARN_UNUSED_FUNCTION = YES;
				GCC_WARN_UNUSED_VARIABLE = YES;
				IPHONEOS_DEPLOYMENT_TARGET = 13.5;
				MTL_ENABLE_DEBUG_INFO = NO;
				MTL_FAST_MATH = YES;
				SDKROOT = iphoneos;
				SWIFT_COMPILATION_MODE = wholemodule;
				SWIFT_OPTIMIZATION_LEVEL = "-O";
				VALIDATE_PRODUCT = YES;
			};
			name = Release;
		};
		BFD7980C247825C4007739AF /* Debug */ = {
			isa = XCBuildConfiguration;
			buildSettings = {
				ASSETCATALOG_COMPILER_APPICON_NAME = AppIcon;
				CODE_SIGN_STYLE = Automatic;
				DEVELOPMENT_TEAM = 22HUHPT9D9;
				INFOPLIST_FILE = Pair/Resources/Info.plist;
				LD_RUNPATH_SEARCH_PATHS = (
					"$(inherited)",
					"@executable_path/Frameworks",
				);
				PRODUCT_BUNDLE_IDENTIFIER = dev.jimmybrown.Pair;
				PRODUCT_NAME = "$(TARGET_NAME)";
				SWIFT_VERSION = 5.0;
				TARGETED_DEVICE_FAMILY = "1,2";
			};
			name = Debug;
		};
		BFD7980D247825C4007739AF /* Release */ = {
			isa = XCBuildConfiguration;
			buildSettings = {
				ASSETCATALOG_COMPILER_APPICON_NAME = AppIcon;
				CODE_SIGN_STYLE = Automatic;
				DEVELOPMENT_TEAM = 22HUHPT9D9;
				INFOPLIST_FILE = Pair/Resources/Info.plist;
				LD_RUNPATH_SEARCH_PATHS = (
					"$(inherited)",
					"@executable_path/Frameworks",
				);
				PRODUCT_BUNDLE_IDENTIFIER = dev.jimmybrown.Pair;
				PRODUCT_NAME = "$(TARGET_NAME)";
				SWIFT_VERSION = 5.0;
				TARGETED_DEVICE_FAMILY = "1,2";
			};
			name = Release;
		};
/* End XCBuildConfiguration section */

/* Begin XCConfigurationList section */
		BFD797F2247825C3007739AF /* Build configuration list for PBXProject "Pair" */ = {
			isa = XCConfigurationList;
			buildConfigurations = (
				BFD79809247825C4007739AF /* Debug */,
				BFD7980A247825C4007739AF /* Release */,
			);
			defaultConfigurationIsVisible = 0;
			defaultConfigurationName = Release;
		};
		BFD7980B247825C4007739AF /* Build configuration list for PBXNativeTarget "Pair" */ = {
			isa = XCConfigurationList;
			buildConfigurations = (
				BFD7980C247825C4007739AF /* Debug */,
				BFD7980D247825C4007739AF /* Release */,
			);
			defaultConfigurationIsVisible = 0;
			defaultConfigurationName = Release;
		};
/* End XCConfigurationList section */
	};
	rootObject = BFD797EF247825C3007739AF /* Project object */;
}
